
Microsoft Visual Studio Solution File, Format Version 11.00
# Visual Studio 2010
Project("{FAE04EC0-301F-11D3-BF4B-00C04F79EFBC}") = "HapticArUnity", "Assembly-CSharp.csproj", "{48EC58B4-DE37-2CD8-928B-301B20E92D2C}"
EndProject
Project("{FAE04EC0-301F-11D3-BF4B-00C04F79EFBC}") = "HapticArUnity", "Assembly-CSharp-firstpass.csproj", "{E9FB2C35-6172-996D-F93C-B90BDD43B28B}"
EndProject
Project("{FAE04EC0-301F-11D3-BF4B-00C04F79EFBC}") = "HapticArUnity", "Assembly-CSharp-Editor.csproj", "{4B87E242-A603-513B-C910-93D367CC657E}"
EndProject
Global
	GlobalSection(SolutionConfigurationPlatforms) = preSolution
		Debug|Any CPU = Debug|Any CPU
		Release|Any CPU = Release|Any CPU
	EndGlobalSection
	GlobalSection(ProjectConfigurationPlatforms) = postSolution
		{48EC58B4-DE37-2CD8-928B-301B20E92D2C}.Debug|Any CPU.ActiveCfg = Debug|Any CPU
		{48EC58B4-DE37-2CD8-928B-301B20E92D2C}.Debug|Any CPU.Build.0 = Debug|Any CPU
		{48EC58B4-DE37-2CD8-928B-301B20E92D2C}.Release|Any CPU.ActiveCfg = Release|Any CPU
		{48EC58B4-DE37-2CD8-928B-301B20E92D2C}.Release|Any CPU.Build.0 = Release|Any CPU
		{E9FB2C35-6172-996D-F93C-B90BDD43B28B}.Debug|Any CPU.ActiveCfg = Debug|Any CPU
		{E9FB2C35-6172-996D-F93C-B90BDD43B28B}.Debug|Any CPU.Build.0 = Debug|Any CPU
		{E9FB2C35-6172-996D-F93C-B90BDD43B28B}.Release|Any CPU.ActiveCfg = Release|Any CPU
		{E9FB2C35-6172-996D-F93C-B90BDD43B28B}.Release|Any CPU.Build.0 = Release|Any CPU
		{4B87E242-A603-513B-C910-93D367CC657E}.Debug|Any CPU.ActiveCfg = Debug|Any CPU
		{4B87E242-A603-513B-C910-93D367CC657E}.Debug|Any CPU.Build.0 = Debug|Any CPU
		{4B87E242-A603-513B-C910-93D367CC657E}.Release|Any CPU.ActiveCfg = Release|Any CPU
		{4B87E242-A603-513B-C910-93D367CC657E}.Release|Any CPU.Build.0 = Release|Any CPU
	EndGlobalSection
	GlobalSection(SolutionProperties) = preSolution
		HideSolutionNode = FALSE
	EndGlobalSection
	GlobalSection(MonoDevelopProperties) = preSolution
		StartupItem = Assembly-CSharp.csproj
	EndGlobalSection
EndGlobal
